
Microsoft Visual Studio Solution File, Format Version 12.00
# Visual Studio 15
VisualStudioVersion = 15.0.28010.2046
MinimumVisualStudioVersion = 10.0.40219.1
Project("{FAE04EC0-301F-11D3-BF4B-00C04F79EFBC}") = "Commanda.Android", "Commanda\Commanda.Android\Commanda.Android.csproj", "{C8D96CE1-5A43-47CD-A281-FB3B2D0EC483}"
EndProject
Project("{FAE04EC0-301F-11D3-BF4B-00C04F79EFBC}") = "Commanda.iOS", "Commanda\Commanda.iOS\Commanda.iOS.csproj", "{F3E660BC-EB90-496D-858D-98C253712E54}"
EndProject
Project("{FAE04EC0-301F-11D3-BF4B-00C04F79EFBC}") = "Commanda", "Commanda\Commanda\Commanda.csproj", "{4D1A6767-8CC2-4052-8361-43E1836FE7DA}"
EndProject
Global
	GlobalSection(SolutionConfigurationPlatforms) = preSolution
		Ad-Hoc|Any CPU = Ad-Hoc|Any CPU
		Ad-Hoc|iPhone = Ad-Hoc|iPhone
		Ad-Hoc|iPhoneSimulator = Ad-Hoc|iPhoneSimulator
		AppStore|Any CPU = AppStore|Any CPU
		AppStore|iPhone = AppStore|iPhone
		AppStore|iPhoneSimulator = AppStore|iPhoneSimulator
		Debug|Any CPU = Debug|Any CPU
		Debug|iPhone = Debug|iPhone
		Debug|iPhoneSimulator = Debug|iPhoneSimulator
		Release|Any CPU = Release|Any CPU
		Release|iPhone = Release|iPhone
		Release|iPhoneSimulator = Release|iPhoneSimulator
	EndGlobalSection
	GlobalSection(ProjectConfigurationPlatforms) = postSolution
		{C8D96CE1-5A43-47CD-A281-FB3B2D0EC483}.Ad-Hoc|Any CPU.ActiveCfg = Release|Any CPU
		{C8D96CE1-5A43-47CD-A281-FB3B2D0EC483}.Ad-Hoc|Any CPU.Build.0 = Release|Any CPU
		{C8D96CE1-5A43-47CD-A281-FB3B2D0EC483}.Ad-Hoc|Any CPU.Deploy.0 = Release|Any CPU
		{C8D96CE1-5A43-47CD-A281-FB3B2D0EC483}.Ad-Hoc|iPhone.ActiveCfg = Release|Any CPU
		{C8D96CE1-5A43-47CD-A281-FB3B2D0EC483}.Ad-Hoc|iPhone.Build.0 = Release|Any CPU
		{C8D96CE1-5A43-47CD-A281-FB3B2D0EC483}.Ad-Hoc|iPhone.Deploy.0 = Release|Any CPU
		{C8D96CE1-5A43-47CD-A281-FB3B2D0EC483}.Ad-Hoc|iPhoneSimulator.ActiveCfg = Release|Any CPU
		{C8D96CE1-5A43-47CD-A281-FB3B2D0EC483}.Ad-Hoc|iPhoneSimulator.Build.0 = Release|Any CPU
		{C8D96CE1-5A43-47CD-A281-FB3B2D0EC483}.Ad-Hoc|iPhoneSimulator.Deploy.0 = Release|Any CPU
		{C8D96CE1-5A43-47CD-A281-FB3B2D0EC483}.AppStore|Any CPU.ActiveCfg = Release|Any CPU
		{C8D96CE1-5A43-47CD-A281-FB3B2D0EC483}.AppStore|Any CPU.Build.0 = Release|Any CPU
		{C8D96CE1-5A43-47CD-A281-FB3B2D0EC483}.AppStore|Any CPU.Deploy.0 = Release|Any CPU
		{C8D96CE1-5A43-47CD-A281-FB3B2D0EC483}.AppStore|iPhone.ActiveCfg = Release|Any CPU
		{C8D96CE1-5A43-47CD-A281-FB3B2D0EC483}.AppStore|iPhone.Build.0 = Release|Any CPU
		{C8D96CE1-5A43-47CD-A281-FB3B2D0EC483}.AppStore|iPhone.Deploy.0 = Release|Any CPU
		{C8D96CE1-5A43-47CD-A281-FB3B2D0EC483}.AppStore|iPhoneSimulator.ActiveCfg = Release|Any CPU
		{C8D96CE1-5A43-47CD-A281-FB3B2D0EC483}.AppStore|iPhoneSimulator.Build.0 = Release|Any CPU
		{C8D96CE1-5A43-47CD-A281-FB3B2D0EC483}.AppStore|iPhoneSimulator.Deploy.0 = Release|Any CPU
		{C8D96CE1-5A43-47CD-A281-FB3B2D0EC483}.Debug|Any CPU.ActiveCfg = Debug|Any CPU
		{C8D96CE1-5A43-47CD-A281-FB3B2D0EC483}.Debug|Any CPU.Build.0 = Debug|Any CPU
		{C8D96CE1-5A43-47CD-A281-FB3B2D0EC483}.Debug|Any CPU.Deploy.0 = Debug|Any CPU
		{C8D96CE1-5A43-47CD-A281-FB3B2D0EC483}.Debug|iPhone.ActiveCfg = Debug|Any CPU
		{C8D96CE1-5A43-47CD-A281-FB3B2D0EC483}.Debug|iPhone.Build.0 = Debug|Any CPU
		{C8D96CE1-5A43-47CD-A281-FB3B2D0EC483}.Debug|iPhone.Deploy.0 = Debug|Any CPU
		{C8D96CE1-5A43-47CD-A281-FB3B2D0EC483}.Debug|iPhoneSimulator.ActiveCfg = Debug|Any CPU
		{C8D96CE1-5A43-47CD-A281-FB3B2D0EC483}.Debug|iPhoneSimulator.Build.0 = Debug|Any CPU
		{C8D96CE1-5A43-47CD-A281-FB3B2D0EC483}.Debug|iPhoneSimulator.Deploy.0 = Debug|Any CPU
		{C8D96CE1-5A43-47CD-A281-FB3B2D0EC483}.Release|Any CPU.ActiveCfg = Release|Any CPU
		{C8D96CE1-5A43-47CD-A281-FB3B2D0EC483}.Release|Any CPU.Build.0 = Release|Any CPU
		{C8D96CE1-5A43-47CD-A281-FB3B2D0EC483}.Release|Any CPU.Deploy.0 = Release|Any CPU
		{C8D96CE1-5A43-47CD-A281-FB3B2D0EC483}.Release|iPhone.ActiveCfg = Release|Any CPU
		{C8D96CE1-5A43-47CD-A281-FB3B2D0EC483}.Release|iPhone.Build.0 = Release|Any CPU
		{C8D96CE1-5A43-47CD-A281-FB3B2D0EC483}.Release|iPhone.Deploy.0 = Release|Any CPU
		{C8D96CE1-5A43-47CD-A281-FB3B2D0EC483}.Release|iPhoneSimulator.ActiveCfg = Release|Any CPU
		{C8D96CE1-5A43-47CD-A281-FB3B2D0EC483}.Release|iPhoneSimulator.Build.0 = Release|Any CPU
		{C8D96CE1-5A43-47CD-A281-FB3B2D0EC483}.Release|iPhoneSimulator.Deploy.0 = Release|Any CPU
		{F3E660BC-EB90-496D-858D-98C253712E54}.Ad-Hoc|Any CPU.ActiveCfg = Ad-Hoc|iPhone
		{F3E660BC-EB90-496D-858D-98C253712E54}.Ad-Hoc|Any CPU.Build.0 = Ad-Hoc|iPhone
		{F3E660BC-EB90-496D-858D-98C253712E54}.Ad-Hoc|Any CPU.Deploy.0 = Ad-Hoc|iPhone
		{F3E660BC-EB90-496D-858D-98C253712E54}.Ad-Hoc|iPhone.ActiveCfg = Ad-Hoc|iPhone
		{F3E660BC-EB90-496D-858D-98C253712E54}.Ad-Hoc|iPhone.Build.0 = Ad-Hoc|iPhone
		{F3E660BC-EB90-496D-858D-98C253712E54}.Ad-Hoc|iPhone.Deploy.0 = Ad-Hoc|iPhone
		{F3E660BC-EB90-496D-858D-98C253712E54}.Ad-Hoc|iPhoneSimulator.ActiveCfg = Ad-Hoc|iPhoneSimulator
		{F3E660BC-EB90-496D-858D-98C253712E54}.Ad-Hoc|iPhoneSimulator.Build.0 = Ad-Hoc|iPhoneSimulator
		{F3E660BC-EB90-496D-858D-98C253712E54}.Ad-Hoc|iPhoneSimulator.Deploy.0 = Ad-Hoc|iPhoneSimulator
		{F3E660BC-EB90-496D-858D-98C253712E54}.AppStore|Any CPU.ActiveCfg = AppStore|iPhone
		{F3E660BC-EB90-496D-858D-98C253712E54}.AppStore|Any CPU.Build.0 = AppStore|iPhone
		{F3E660BC-EB90-496D-858D-98C253712E54}.AppStore|Any CPU.Deploy.0 = AppStore|iPhone
		{F3E660BC-EB90-496D-858D-98C253712E54}.AppStore|iPhone.ActiveCfg = AppStore|iPhone
		{F3E660BC-EB90-496D-858D-98C253712E54}.AppStore|iPhone.Build.0 = AppStore|iPhone
		{F3E660BC-EB90-496D-858D-98C253712E54}.AppStore|iPhone.Deploy.0 = AppStore|iPhone
		{F3E660BC-EB90-496D-858D-98C253712E54}.AppStore|iPhoneSimulator.ActiveCfg = AppStore|iPhoneSimulator
		{F3E660BC-EB90-496D-858D-98C253712E54}.AppStore|iPhoneSimulator.Build.0 = AppStore|iPhoneSimulator
		{F3E660BC-EB90-496D-858D-98C253712E54}.AppStore|iPhoneSimulator.Deploy.0 = AppStore|iPhoneSimulator
		{F3E660BC-EB90-496D-858D-98C253712E54}.Debug|Any CPU.ActiveCfg = Debug|iPhoneSimulator
		{F3E660BC-EB90-496D-858D-98C253712E54}.Debug|Any CPU.Build.0 = Debug|iPhoneSimulator
		{F3E660BC-EB90-496D-858D-98C253712E54}.Debug|Any CPU.Deploy.0 = Debug|iPhoneSimulator
		{F3E660BC-EB90-496D-858D-98C253712E54}.Debug|iPhone.ActiveCfg = Debug|iPhone
		{F3E660BC-EB90-496D-858D-98C253712E54}.Debug|iPhone.Build.0 = Debug|iPhone
		{F3E660BC-EB90-496D-858D-98C253712E54}.Debug|iPhone.Deploy.0 = Debug|iPhone
		{F3E660BC-EB90-496D-858D-98C253712E54}.Debug|iPhoneSimulator.ActiveCfg = Debug|iPhoneSimulator
		{F3E660BC-EB90-496D-858D-98C253712E54}.Debug|iPhoneSimulator.Build.0 = Debug|iPhoneSimulator
		{F3E660BC-EB90-496D-858D-98C253712E54}.Debug|iPhoneSimulator.Deploy.0 = Debug|iPhoneSimulator
		{F3E660BC-EB90-496D-858D-98C253712E54}.Release|Any CPU.ActiveCfg = Release|iPhone
		{F3E660BC-EB90-496D-858D-98C253712E54}.Release|Any CPU.Build.0 = Release|iPhone
		{F3E660BC-EB90-496D-858D-98C253712E54}.Release|Any CPU.Deploy.0 = Release|iPhone
		{F3E660BC-EB90-496D-858D-98C253712E54}.Release|iPhone.ActiveCfg = Release|iPhone
		{F3E660BC-EB90-496D-858D-98C253712E54}.Release|iPhone.Build.0 = Release|iPhone
		{F3E660BC-EB90-496D-858D-98C253712E54}.Release|iPhone.Deploy.0 = Release|iPhone
		{F3E660BC-EB90-496D-858D-98C253712E54}.Release|iPhoneSimulator.ActiveCfg = Release|iPhoneSimulator
		{F3E660BC-EB90-496D-858D-98C253712E54}.Release|iPhoneSimulator.Build.0 = Release|iPhoneSimulator
		{F3E660BC-EB90-496D-858D-98C253712E54}.Release|iPhoneSimulator.Deploy.0 = Release|iPhoneSimulator
		{4D1A6767-8CC2-4052-8361-43E1836FE7DA}.Ad-Hoc|Any CPU.ActiveCfg = Debug|Any CPU
		{4D1A6767-8CC2-4052-8361-43E1836FE7DA}.Ad-Hoc|Any CPU.Build.0 = Debug|Any CPU
		{4D1A6767-8CC2-4052-8361-43E1836FE7DA}.Ad-Hoc|Any CPU.Deploy.0 = Debug|Any CPU
		{4D1A6767-8CC2-4052-8361-43E1836FE7DA}.Ad-Hoc|iPhone.ActiveCfg = Debug|Any CPU
		{4D1A6767-8CC2-4052-8361-43E1836FE7DA}.Ad-Hoc|iPhone.Build.0 = Debug|Any CPU
		{4D1A6767-8CC2-4052-8361-43E1836FE7DA}.Ad-Hoc|iPhone.Deploy.0 = Debug|Any CPU
		{4D1A6767-8CC2-4052-8361-43E1836FE7DA}.Ad-Hoc|iPhoneSimulator.ActiveCfg = Debug|Any CPU
		{4D1A6767-8CC2-4052-8361-43E1836FE7DA}.Ad-Hoc|iPhoneSimulator.Build.0 = Debug|Any CPU
		{4D1A6767-8CC2-4052-8361-43E1836FE7DA}.Ad-Hoc|iPhoneSimulator.Deploy.0 = Debug|Any CPU
		{4D1A6767-8CC2-4052-8361-43E1836FE7DA}.AppStore|Any CPU.ActiveCfg = Debug|Any CPU
		{4D1A6767-8CC2-4052-8361-43E1836FE7DA}.AppStore|Any CPU.Build.0 = Debug|Any CPU
		{4D1A6767-8CC2-4052-8361-43E1836FE7DA}.AppStore|Any CPU.Deploy.0 = Debug|Any CPU
		{4D1A6767-8CC2-4052-8361-43E1836FE7DA}.AppStore|iPhone.ActiveCfg = Debug|Any CPU
		{4D1A6767-8CC2-4052-8361-43E1836FE7DA}.AppStore|iPhone.Build.0 = Debug|Any CPU
		{4D1A6767-8CC2-4052-8361-43E1836FE7DA}.AppStore|iPhone.Deploy.0 = Debug|Any CPU
		{4D1A6767-8CC2-4052-8361-43E1836FE7DA}.AppStore|iPhoneSimulator.ActiveCfg = Debug|Any CPU
		{4D1A6767-8CC2-4052-8361-43E1836FE7DA}.AppStore|iPhoneSimulator.Build.0 = Debug|Any CPU
		{4D1A6767-8CC2-4052-8361-43E1836FE7DA}.AppStore|iPhoneSimulator.Deploy.0 = Debug|Any CPU
		{4D1A6767-8CC2-4052-8361-43E1836FE7DA}.Debug|Any CPU.ActiveCfg = Debug|Any CPU
		{4D1A6767-8CC2-4052-8361-43E1836FE7DA}.Debug|Any CPU.Build.0 = Debug|Any CPU
		{4D1A6767-8CC2-4052-8361-43E1836FE7DA}.Debug|Any CPU.Deploy.0 = Debug|Any CPU
		{4D1A6767-8CC2-4052-8361-43E1836FE7DA}.Debug|iPhone.ActiveCfg = Debug|Any CPU
		{4D1A6767-8CC2-4052-8361-43E1836FE7DA}.Debug|iPhone.Build.0 = Debug|Any CPU
		{4D1A6767-8CC2-4052-8361-43E1836FE7DA}.Debug|iPhone.Deploy.0 = Debug|Any CPU
		{4D1A6767-8CC2-4052-8361-43E1836FE7DA}.Debug|iPhoneSimulator.ActiveCfg = Debug|Any CPU
		{4D1A6767-8CC2-4052-8361-43E1836FE7DA}.Debug|iPhoneSimulator.Build.0 = Debug|Any CPU
		{4D1A6767-8CC2-4052-8361-43E1836FE7DA}.Debug|iPhoneSimulator.Deploy.0 = Debug|Any CPU
		{4D1A6767-8CC2-4052-8361-43E1836FE7DA}.Release|Any CPU.ActiveCfg = Release|Any CPU
		{4D1A6767-8CC2-4052-8361-43E1836FE7DA}.Release|Any CPU.Build.0 = Release|Any CPU
		{4D1A6767-8CC2-4052-8361-43E1836FE7DA}.Release|Any CPU.Deploy.0 = Release|Any CPU
		{4D1A6767-8CC2-4052-8361-43E1836FE7DA}.Release|iPhone.ActiveCfg = Release|Any CPU
		{4D1A6767-8CC2-4052-8361-43E1836FE7DA}.Release|iPhone.Build.0 = Release|Any CPU
		{4D1A6767-8CC2-4052-8361-43E1836FE7DA}.Release|iPhone.Deploy.0 = Release|Any CPU
		{4D1A6767-8CC2-4052-8361-43E1836FE7DA}.Release|iPhoneSimulator.ActiveCfg = Release|Any CPU
		{4D1A6767-8CC2-4052-8361-43E1836FE7DA}.Release|iPhoneSimulator.Build.0 = Release|Any CPU
		{4D1A6767-8CC2-4052-8361-43E1836FE7DA}.Release|iPhoneSimulator.Deploy.0 = Release|Any CPU
	EndGlobalSection
	GlobalSection(SolutionProperties) = preSolution
		HideSolutionNode = FALSE
	EndGlobalSection
	GlobalSection(ExtensibilityGlobals) = postSolution
		SolutionGuid = {EF9E7106-8E2C-4F7E-829F-3A64729519F8}
	EndGlobalSection
EndGlobal
